// !$*UTF8*$!
{
	archiveVersion = 1;
	classes = {
	};
	objectVersion = 56;
	objects = {

/* Begin PBXBuildFile section */
		8332364C29C078A300A78C64 /* AppDelegate.swift in Sources */ = {isa = PBXBuildFile; fileRef = 8332364B29C078A300A78C64 /* AppDelegate.swift */; };
		8332364E29C078A300A78C64 /* SceneDelegate.swift in Sources */ = {isa = PBXBuildFile; fileRef = 8332364D29C078A300A78C64 /* SceneDelegate.swift */; };
		8332365829C078A700A78C64 /* LaunchScreen.storyboard in Resources */ = {isa = PBXBuildFile; fileRef = 8332365629C078A700A78C64 /* LaunchScreen.storyboard */; };
		8332366229C079B100A78C64 /* ApplicationCoordinator.swift in Sources */ = {isa = PBXBuildFile; fileRef = 8332366129C079B100A78C64 /* ApplicationCoordinator.swift */; };
		8332366629C07B1600A78C64 /* SignInCoordinator.swift in Sources */ = {isa = PBXBuildFile; fileRef = 8332366529C07B1500A78C64 /* SignInCoordinator.swift */; };
		8332366829C07F9500A78C64 /* SignInView.swift in Sources */ = {isa = PBXBuildFile; fileRef = 8332366729C07F9500A78C64 /* SignInView.swift */; };
		8332366A29C07FB500A78C64 /* SignInViewModel.swift in Sources */ = {isa = PBXBuildFile; fileRef = 8332366929C07FB500A78C64 /* SignInViewModel.swift */; };
		8332366B29C08A7F00A78C64 /* Assets.xcassets in Resources */ = {isa = PBXBuildFile; fileRef = 8332365429C078A700A78C64 /* Assets.xcassets */; };
		8332367929C09FFF00A78C64 /* Montserrat-Regular.ttf in Resources */ = {isa = PBXBuildFile; fileRef = 8332367729C09FFF00A78C64 /* Montserrat-Regular.ttf */; };
		8332367A29C09FFF00A78C64 /* Montserrat-Thin.ttf in Resources */ = {isa = PBXBuildFile; fileRef = 8332367829C09FFF00A78C64 /* Montserrat-Thin.ttf */; };
		8332367D29C0A49600A78C64 /* SwiftUIExtension.swift in Sources */ = {isa = PBXBuildFile; fileRef = 8332367C29C0A49600A78C64 /* SwiftUIExtension.swift */; };
		8332367F29C0B1DB00A78C64 /* Montserrat-Bold.ttf in Resources */ = {isa = PBXBuildFile; fileRef = 8332367E29C0B1DB00A78C64 /* Montserrat-Bold.ttf */; };
		8332368129C0DCD100A78C64 /* LoginView.swift in Sources */ = {isa = PBXBuildFile; fileRef = 8332368029C0DCD100A78C64 /* LoginView.swift */; };
		8332368729C1EE2A00A78C64 /* MainTabBarCoordinator.swift in Sources */ = {isa = PBXBuildFile; fileRef = 8332368629C1EE2A00A78C64 /* MainTabBarCoordinator.swift */; };
		8332368A29C1EEAF00A78C64 /* Page1Coordinator.swift in Sources */ = {isa = PBXBuildFile; fileRef = 8332368929C1EEAF00A78C64 /* Page1Coordinator.swift */; };
		8332368F29C1EF6000A78C64 /* ProfileCoordinator.swift in Sources */ = {isa = PBXBuildFile; fileRef = 8332368E29C1EF6000A78C64 /* ProfileCoordinator.swift */; };
		8332369229C1F79400A78C64 /* CoreDataManager.swift in Sources */ = {isa = PBXBuildFile; fileRef = 8332369129C1F79400A78C64 /* CoreDataManager.swift */; };
		8332369529C1F7C600A78C64 /* Persons.xcdatamodeld in Sources */ = {isa = PBXBuildFile; fileRef = 8332369329C1F7C600A78C64 /* Persons.xcdatamodeld */; };
		8332369829C1F98000A78C64 /* Person+CoreDataClass.swift in Sources */ = {isa = PBXBuildFile; fileRef = 8332369629C1F98000A78C64 /* Person+CoreDataClass.swift */; };
		8332369929C1F98000A78C64 /* Person+CoreDataProperties.swift in Sources */ = {isa = PBXBuildFile; fileRef = 8332369729C1F98000A78C64 /* Person+CoreDataProperties.swift */; };
		8332369B29C2187A00A78C64 /* MockCoreDataManager.swift in Sources */ = {isa = PBXBuildFile; fileRef = 8332369A29C2187A00A78C64 /* MockCoreDataManager.swift */; };
		835D277929C889A000BA29B2 /* NetworkManager.swift in Sources */ = {isa = PBXBuildFile; fileRef = 835D277829C889A000BA29B2 /* NetworkManager.swift */; };
		83822E5129C85ED000BF568E /* Model.swift in Sources */ = {isa = PBXBuildFile; fileRef = 83822E5029C85ED000BF568E /* Model.swift */; };
		83AD282829C9B4EB0084B8D5 /* ImagePicker.swift in Sources */ = {isa = PBXBuildFile; fileRef = 83AD282729C9B4EB0084B8D5 /* ImagePicker.swift */; };
		83AD282A29CA1C7E0084B8D5 /* Page2View.swift in Sources */ = {isa = PBXBuildFile; fileRef = 83AD282929CA1C7E0084B8D5 /* Page2View.swift */; };
		83AD282C29CA2E190084B8D5 /* CarouselView.swift in Sources */ = {isa = PBXBuildFile; fileRef = 83AD282B29CA2E190084B8D5 /* CarouselView.swift */; };
		83DC9ACE29C3349E0019F913 /* MockView.swift in Sources */ = {isa = PBXBuildFile; fileRef = 83DC9ACD29C3349E0019F913 /* MockView.swift */; };
		83DC9AD029C338E90019F913 /* MockCoordinator.swift in Sources */ = {isa = PBXBuildFile; fileRef = 83DC9ACF29C338E90019F913 /* MockCoordinator.swift */; };
		83DC9AD229C33C880019F913 /* UIKitExtension.swift in Sources */ = {isa = PBXBuildFile; fileRef = 83DC9AD129C33C880019F913 /* UIKitExtension.swift */; };
		83DC9AD429C36E6C0019F913 /* TabBarVC.swift in Sources */ = {isa = PBXBuildFile; fileRef = 83DC9AD329C36E6C0019F913 /* TabBarVC.swift */; };
		83DC9AD829C380490019F913 /* ProfileView.swift in Sources */ = {isa = PBXBuildFile; fileRef = 83DC9AD729C380490019F913 /* ProfileView.swift */; };
		83DC9ADA29C380550019F913 /* ProfileViewModel.swift in Sources */ = {isa = PBXBuildFile; fileRef = 83DC9AD929C380550019F913 /* ProfileViewModel.swift */; };
		83DC9ADC29C39A080019F913 /* Montserrat-Light.ttf in Resources */ = {isa = PBXBuildFile; fileRef = 83DC9ADB29C39A080019F913 /* Montserrat-Light.ttf */; };
		83DC9ADE29C4D2360019F913 /* Page1View.swift in Sources */ = {isa = PBXBuildFile; fileRef = 83DC9ADD29C4D2360019F913 /* Page1View.swift */; };
		83DC9AE029C4F1D60019F913 /* SaleCell.swift in Sources */ = {isa = PBXBuildFile; fileRef = 83DC9ADF29C4F1D60019F913 /* SaleCell.swift */; };
		83DC9AE229C4F4CB0019F913 /* Page1ViewModel.swift in Sources */ = {isa = PBXBuildFile; fileRef = 83DC9AE129C4F4CB0019F913 /* Page1ViewModel.swift */; };
		83DC9AE429C5F2320019F913 /* RegularCell.swift in Sources */ = {isa = PBXBuildFile; fileRef = 83DC9AE329C5F2320019F913 /* RegularCell.swift */; };
		83DC9AE629C62FBC0019F913 /* ButtonBarView.swift in Sources */ = {isa = PBXBuildFile; fileRef = 83DC9AE529C62FBC0019F913 /* ButtonBarView.swift */; };
		83ED737B29CB377B001E8F2D /* ModelDetails.swift in Sources */ = {isa = PBXBuildFile; fileRef = 83ED737A29CB377B001E8F2D /* ModelDetails.swift */; };
		83ED737D29CB390C001E8F2D /* Page2ViewModel.swift in Sources */ = {isa = PBXBuildFile; fileRef = 83ED737C29CB390C001E8F2D /* Page2ViewModel.swift */; };
		83ED737F29CB81ED001E8F2D /* DetailsView.swift in Sources */ = {isa = PBXBuildFile; fileRef = 83ED737E29CB81ED001E8F2D /* DetailsView.swift */; };
/* End PBXBuildFile section */

/* Begin PBXFileReference section */
		8332364829C078A300A78C64 /* TestTaskForEM.app */ = {isa = PBXFileReference; explicitFileType = wrapper.application; includeInIndex = 0; path = TestTaskForEM.app; sourceTree = BUILT_PRODUCTS_DIR; };
		8332364B29C078A300A78C64 /* AppDelegate.swift */ = {isa = PBXFileReference; lastKnownFileType = sourcecode.swift; path = AppDelegate.swift; sourceTree = "<group>"; };
		8332364D29C078A300A78C64 /* SceneDelegate.swift */ = {isa = PBXFileReference; lastKnownFileType = sourcecode.swift; path = SceneDelegate.swift; sourceTree = "<group>"; };
		8332365429C078A700A78C64 /* Assets.xcassets */ = {isa = PBXFileReference; lastKnownFileType = folder.assetcatalog; path = Assets.xcassets; sourceTree = "<group>"; };
		8332365729C078A700A78C64 /* Base */ = {isa = PBXFileReference; lastKnownFileType = file.storyboard; name = Base; path = Base.lproj/LaunchScreen.storyboard; sourceTree = "<group>"; };
		8332365929C078A700A78C64 /* Info.plist */ = {isa = PBXFileReference; lastKnownFileType = text.plist.xml; path = Info.plist; sourceTree = "<group>"; };
		8332366129C079B100A78C64 /* ApplicationCoordinator.swift */ = {isa = PBXFileReference; lastKnownFileType = sourcecode.swift; path = ApplicationCoordinator.swift; sourceTree = "<group>"; };
		8332366529C07B1500A78C64 /* SignInCoordinator.swift */ = {isa = PBXFileReference; lastKnownFileType = sourcecode.swift; path = SignInCoordinator.swift; sourceTree = "<group>"; };
		8332366729C07F9500A78C64 /* SignInView.swift */ = {isa = PBXFileReference; lastKnownFileType = sourcecode.swift; path = SignInView.swift; sourceTree = "<group>"; };
		8332366929C07FB500A78C64 /* SignInViewModel.swift */ = {isa = PBXFileReference; lastKnownFileType = sourcecode.swift; path = SignInViewModel.swift; sourceTree = "<group>"; };
		8332367729C09FFF00A78C64 /* Montserrat-Regular.ttf */ = {isa = PBXFileReference; lastKnownFileType = file; name = "Montserrat-Regular.ttf"; path = "../../../../../../Downloads/Montserrat (1)/static/Montserrat-Regular.ttf"; sourceTree = "<group>"; };
		8332367829C09FFF00A78C64 /* Montserrat-Thin.ttf */ = {isa = PBXFileReference; lastKnownFileType = file; name = "Montserrat-Thin.ttf"; path = "../../../../../../Downloads/Montserrat (1)/static/Montserrat-Thin.ttf"; sourceTree = "<group>"; };
		8332367C29C0A49600A78C64 /* SwiftUIExtension.swift */ = {isa = PBXFileReference; lastKnownFileType = sourcecode.swift; path = SwiftUIExtension.swift; sourceTree = "<group>"; };
		8332367E29C0B1DB00A78C64 /* Montserrat-Bold.ttf */ = {isa = PBXFileReference; lastKnownFileType = file; name = "Montserrat-Bold.ttf"; path = "../../../../../../Downloads/Montserrat (1)/static/Montserrat-Bold.ttf"; sourceTree = "<group>"; };
		8332368029C0DCD100A78C64 /* LoginView.swift */ = {isa = PBXFileReference; lastKnownFileType = sourcecode.swift; path = LoginView.swift; sourceTree = "<group>"; };
		8332368629C1EE2A00A78C64 /* MainTabBarCoordinator.swift */ = {isa = PBXFileReference; lastKnownFileType = sourcecode.swift; path = MainTabBarCoordinator.swift; sourceTree = "<group>"; };
		8332368929C1EEAF00A78C64 /* Page1Coordinator.swift */ = {isa = PBXFileReference; lastKnownFileType = sourcecode.swift; path = Page1Coordinator.swift; sourceTree = "<group>"; };
		8332368E29C1EF6000A78C64 /* ProfileCoordinator.swift */ = {isa = PBXFileReference; lastKnownFileType = sourcecode.swift; path = ProfileCoordinator.swift; sourceTree = "<group>"; };
		8332369129C1F79400A78C64 /* CoreDataManager.swift */ = {isa = PBXFileReference; lastKnownFileType = sourcecode.swift; path = CoreDataManager.swift; sourceTree = "<group>"; };
		8332369429C1F7C600A78C64 /* Person.xcdatamodel */ = {isa = PBXFileReference; lastKnownFileType = wrapper.xcdatamodel; path = Person.xcdatamodel; sourceTree = "<group>"; };
		8332369629C1F98000A78C64 /* Person+CoreDataClass.swift */ = {isa = PBXFileReference; lastKnownFileType = sourcecode.swift; path = "Person+CoreDataClass.swift"; sourceTree = "<group>"; };
		8332369729C1F98000A78C64 /* Person+CoreDataProperties.swift */ = {isa = PBXFileReference; lastKnownFileType = sourcecode.swift; path = "Person+CoreDataProperties.swift"; sourceTree = "<group>"; };
		8332369A29C2187A00A78C64 /* MockCoreDataManager.swift */ = {isa = PBXFileReference; lastKnownFileType = sourcecode.swift; path = MockCoreDataManager.swift; sourceTree = "<group>"; };
		835D277829C889A000BA29B2 /* NetworkManager.swift */ = {isa = PBXFileReference; lastKnownFileType = sourcecode.swift; path = NetworkManager.swift; sourceTree = "<group>"; };
		83822E5029C85ED000BF568E /* Model.swift */ = {isa = PBXFileReference; lastKnownFileType = sourcecode.swift; path = Model.swift; sourceTree = "<group>"; };
		83AD282729C9B4EB0084B8D5 /* ImagePicker.swift */ = {isa = PBXFileReference; lastKnownFileType = sourcecode.swift; path = ImagePicker.swift; sourceTree = "<group>"; };
		83AD282929CA1C7E0084B8D5 /* Page2View.swift */ = {isa = PBXFileReference; lastKnownFileType = sourcecode.swift; path = Page2View.swift; sourceTree = "<group>"; };
		83AD282B29CA2E190084B8D5 /* CarouselView.swift */ = {isa = PBXFileReference; lastKnownFileType = sourcecode.swift; path = CarouselView.swift; sourceTree = "<group>"; };
		83DC9ACD29C3349E0019F913 /* MockView.swift */ = {isa = PBXFileReference; lastKnownFileType = sourcecode.swift; path = MockView.swift; sourceTree = "<group>"; };
		83DC9ACF29C338E90019F913 /* MockCoordinator.swift */ = {isa = PBXFileReference; lastKnownFileType = sourcecode.swift; path = MockCoordinator.swift; sourceTree = "<group>"; };
		83DC9AD129C33C880019F913 /* UIKitExtension.swift */ = {isa = PBXFileReference; lastKnownFileType = sourcecode.swift; path = UIKitExtension.swift; sourceTree = "<group>"; };
		83DC9AD329C36E6C0019F913 /* TabBarVC.swift */ = {isa = PBXFileReference; lastKnownFileType = sourcecode.swift; path = TabBarVC.swift; sourceTree = "<group>"; };
		83DC9AD729C380490019F913 /* ProfileView.swift */ = {isa = PBXFileReference; lastKnownFileType = sourcecode.swift; path = ProfileView.swift; sourceTree = "<group>"; };
		83DC9AD929C380550019F913 /* ProfileViewModel.swift */ = {isa = PBXFileReference; lastKnownFileType = sourcecode.swift; path = ProfileViewModel.swift; sourceTree = "<group>"; };
		83DC9ADB29C39A080019F913 /* Montserrat-Light.ttf */ = {isa = PBXFileReference; lastKnownFileType = file; name = "Montserrat-Light.ttf"; path = "../../../../../../Downloads/Montserrat (1)/static/Montserrat-Light.ttf"; sourceTree = "<group>"; };
		83DC9ADD29C4D2360019F913 /* Page1View.swift */ = {isa = PBXFileReference; lastKnownFileType = sourcecode.swift; path = Page1View.swift; sourceTree = "<group>"; };
		83DC9ADF29C4F1D60019F913 /* SaleCell.swift */ = {isa = PBXFileReference; lastKnownFileType = sourcecode.swift; path = SaleCell.swift; sourceTree = "<group>"; };
		83DC9AE129C4F4CB0019F913 /* Page1ViewModel.swift */ = {isa = PBXFileReference; lastKnownFileType = sourcecode.swift; path = Page1ViewModel.swift; sourceTree = "<group>"; };
		83DC9AE329C5F2320019F913 /* RegularCell.swift */ = {isa = PBXFileReference; lastKnownFileType = sourcecode.swift; path = RegularCell.swift; sourceTree = "<group>"; };
		83DC9AE529C62FBC0019F913 /* ButtonBarView.swift */ = {isa = PBXFileReference; lastKnownFileType = sourcecode.swift; path = ButtonBarView.swift; sourceTree = "<group>"; };
		83ED737A29CB377B001E8F2D /* ModelDetails.swift */ = {isa = PBXFileReference; lastKnownFileType = sourcecode.swift; path = ModelDetails.swift; sourceTree = "<group>"; };
		83ED737C29CB390C001E8F2D /* Page2ViewModel.swift */ = {isa = PBXFileReference; lastKnownFileType = sourcecode.swift; path = Page2ViewModel.swift; sourceTree = "<group>"; };
		83ED737E29CB81ED001E8F2D /* DetailsView.swift */ = {isa = PBXFileReference; lastKnownFileType = sourcecode.swift; path = DetailsView.swift; sourceTree = "<group>"; };
/* End PBXFileReference section */

/* Begin PBXFrameworksBuildPhase section */
		8332364529C078A300A78C64 /* Frameworks */ = {
			isa = PBXFrameworksBuildPhase;
			buildActionMask = 2147483647;
			files = (
			);
			runOnlyForDeploymentPostprocessing = 0;
		};
/* End PBXFrameworksBuildPhase section */

/* Begin PBXGroup section */
		8332363F29C078A300A78C64 = {
			isa = PBXGroup;
			children = (
				8332364A29C078A300A78C64 /* TestTaskForEM */,
				8332364929C078A300A78C64 /* Products */,
			);
			sourceTree = "<group>";
		};
		8332364929C078A300A78C64 /* Products */ = {
			isa = PBXGroup;
			children = (
				8332364829C078A300A78C64 /* TestTaskForEM.app */,
			);
			name = Products;
			sourceTree = "<group>";
		};
		8332364A29C078A300A78C64 /* TestTaskForEM */ = {
			isa = PBXGroup;
			children = (
				8332365F29C078E000A78C64 /* Application */,
				8332366329C07AC600A78C64 /* CoreModules */,
				8332369029C1F77900A78C64 /* Managers */,
				8332367B29C0A47600A78C64 /* Extension */,
				8332366029C0790A00A78C64 /* Resources */,
			);
			path = TestTaskForEM;
			sourceTree = "<group>";
		};
		8332365F29C078E000A78C64 /* Application */ = {
			isa = PBXGroup;
			children = (
				8332365929C078A700A78C64 /* Info.plist */,
				8332364B29C078A300A78C64 /* AppDelegate.swift */,
				8332364D29C078A300A78C64 /* SceneDelegate.swift */,
				8332366129C079B100A78C64 /* ApplicationCoordinator.swift */,
			);
			path = Application;
			sourceTree = "<group>";
		};
		8332366029C0790A00A78C64 /* Resources */ = {
			isa = PBXGroup;
			children = (
				8332365429C078A700A78C64 /* Assets.xcassets */,
				8332366C29C09CA100A78C64 /* Fonts */,
				8332365629C078A700A78C64 /* LaunchScreen.storyboard */,
			);
			path = Resources;
			sourceTree = "<group>";
		};
		8332366329C07AC600A78C64 /* CoreModules */ = {
			isa = PBXGroup;
			children = (
				83AD282629C9AEC10084B8D5 /* Coordinators */,
				83AD282529C9AEB90084B8D5 /* Views */,
				83AD282429C9AEA50084B8D5 /* ViewModels */,
				83AD282329C9AE990084B8D5 /* Models */,
			);
			path = CoreModules;
			sourceTree = "<group>";
		};
		8332366C29C09CA100A78C64 /* Fonts */ = {
			isa = PBXGroup;
			children = (
				83DC9ADB29C39A080019F913 /* Montserrat-Light.ttf */,
				8332367E29C0B1DB00A78C64 /* Montserrat-Bold.ttf */,
				8332367729C09FFF00A78C64 /* Montserrat-Regular.ttf */,
				8332367829C09FFF00A78C64 /* Montserrat-Thin.ttf */,
			);
			path = Fonts;
			sourceTree = "<group>";
		};
		8332367B29C0A47600A78C64 /* Extension */ = {
			isa = PBXGroup;
			children = (
				8332367C29C0A49600A78C64 /* SwiftUIExtension.swift */,
				83DC9AD129C33C880019F913 /* UIKitExtension.swift */,
			);
			path = Extension;
			sourceTree = "<group>";
		};
		8332369029C1F77900A78C64 /* Managers */ = {
			isa = PBXGroup;
			children = (
				8332369129C1F79400A78C64 /* CoreDataManager.swift */,
				835D277829C889A000BA29B2 /* NetworkManager.swift */,
			);
			path = Managers;
			sourceTree = "<group>";
		};
		83822E5229C85ED900BF568E /* AllViews */ = {
			isa = PBXGroup;
			children = (
				83DC9ACD29C3349E0019F913 /* MockView.swift */,
				83DC9ADF29C4F1D60019F913 /* SaleCell.swift */,
				83DC9AE529C62FBC0019F913 /* ButtonBarView.swift */,
				83DC9AE329C5F2320019F913 /* RegularCell.swift */,
				83AD282729C9B4EB0084B8D5 /* ImagePicker.swift */,
				83AD282B29CA2E190084B8D5 /* CarouselView.swift */,
				83ED737E29CB81ED001E8F2D /* DetailsView.swift */,
			);
			path = AllViews;
			sourceTree = "<group>";
		};
		83AD282229C9AE7B0084B8D5 /* CoreData */ = {
			isa = PBXGroup;
			children = (
				8332369329C1F7C600A78C64 /* Persons.xcdatamodeld */,
				8332369A29C2187A00A78C64 /* MockCoreDataManager.swift */,
				8332369629C1F98000A78C64 /* Person+CoreDataClass.swift */,
				8332369729C1F98000A78C64 /* Person+CoreDataProperties.swift */,
			);
			path = CoreData;
			sourceTree = "<group>";
		};
		83AD282329C9AE990084B8D5 /* Models */ = {
			isa = PBXGroup;
			children = (
				83AD282229C9AE7B0084B8D5 /* CoreData */,
				83822E5029C85ED000BF568E /* Model.swift */,
				83ED737A29CB377B001E8F2D /* ModelDetails.swift */,
			);
			path = Models;
			sourceTree = "<group>";
		};
		83AD282429C9AEA50084B8D5 /* ViewModels */ = {
			isa = PBXGroup;
			children = (
				8332366929C07FB500A78C64 /* SignInViewModel.swift */,
				83DC9AE129C4F4CB0019F913 /* Page1ViewModel.swift */,
				83DC9AD929C380550019F913 /* ProfileViewModel.swift */,
				83ED737C29CB390C001E8F2D /* Page2ViewModel.swift */,
			);
			path = ViewModels;
			sourceTree = "<group>";
		};
		83AD282529C9AEB90084B8D5 /* Views */ = {
			isa = PBXGroup;
			children = (
				83822E5229C85ED900BF568E /* AllViews */,
				8332368029C0DCD100A78C64 /* LoginView.swift */,
				8332366729C07F9500A78C64 /* SignInView.swift */,
				83DC9ADD29C4D2360019F913 /* Page1View.swift */,
				83AD282929CA1C7E0084B8D5 /* Page2View.swift */,
				83DC9AD729C380490019F913 /* ProfileView.swift */,
				83DC9AD329C36E6C0019F913 /* TabBarVC.swift */,
			);
			path = Views;
			sourceTree = "<group>";
		};
		83AD282629C9AEC10084B8D5 /* Coordinators */ = {
			isa = PBXGroup;
			children = (
				8332366529C07B1500A78C64 /* SignInCoordinator.swift */,
				8332368929C1EEAF00A78C64 /* Page1Coordinator.swift */,
				8332368E29C1EF6000A78C64 /* ProfileCoordinator.swift */,
				8332368629C1EE2A00A78C64 /* MainTabBarCoordinator.swift */,
				83DC9ACF29C338E90019F913 /* MockCoordinator.swift */,
			);
			path = Coordinators;
			sourceTree = "<group>";
		};
/* End PBXGroup section */

/* Begin PBXNativeTarget section */
		8332364729C078A300A78C64 /* TestTaskForEM */ = {
			isa = PBXNativeTarget;
			buildConfigurationList = 8332365C29C078A700A78C64 /* Build configuration list for PBXNativeTarget "TestTaskForEM" */;
			buildPhases = (
				8332364429C078A300A78C64 /* Sources */,
				8332364529C078A300A78C64 /* Frameworks */,
				8332364629C078A300A78C64 /* Resources */,
			);
			buildRules = (
			);
			dependencies = (
			);
			name = TestTaskForEM;
			productName = TestTaskForEM;
			productReference = 8332364829C078A300A78C64 /* TestTaskForEM.app */;
			productType = "com.apple.product-type.application";
		};
/* End PBXNativeTarget section */

/* Begin PBXProject section */
		8332364029C078A300A78C64 /* Project object */ = {
			isa = PBXProject;
			attributes = {
				BuildIndependentTargetsInParallel = 1;
				LastSwiftUpdateCheck = 1420;
				LastUpgradeCheck = 1420;
				TargetAttributes = {
					8332364729C078A300A78C64 = {
						CreatedOnToolsVersion = 14.2;
					};
				};
			};
			buildConfigurationList = 8332364329C078A300A78C64 /* Build configuration list for PBXProject "TestTaskForEM" */;
			compatibilityVersion = "Xcode 14.0";
			developmentRegion = en;
			hasScannedForEncodings = 0;
			knownRegions = (
				en,
				Base,
			);
			mainGroup = 8332363F29C078A300A78C64;
			productRefGroup = 8332364929C078A300A78C64 /* Products */;
			projectDirPath = "";
			projectRoot = "";
			targets = (
				8332364729C078A300A78C64 /* TestTaskForEM */,
			);
		};
/* End PBXProject section */

/* Begin PBXResourcesBuildPhase section */
		8332364629C078A300A78C64 /* Resources */ = {
			isa = PBXResourcesBuildPhase;
			buildActionMask = 2147483647;
			files = (
				83DC9ADC29C39A080019F913 /* Montserrat-Light.ttf in Resources */,
				8332367F29C0B1DB00A78C64 /* Montserrat-Bold.ttf in Resources */,
				8332367929C09FFF00A78C64 /* Montserrat-Regular.ttf in Resources */,
				8332366B29C08A7F00A78C64 /* Assets.xcassets in Resources */,
				8332367A29C09FFF00A78C64 /* Montserrat-Thin.ttf in Resources */,
				8332365829C078A700A78C64 /* LaunchScreen.storyboard in Resources */,
			);
			runOnlyForDeploymentPostprocessing = 0;
		};
/* End PBXResourcesBuildPhase section */

/* Begin PBXSourcesBuildPhase section */
		8332364429C078A300A78C64 /* Sources */ = {
			isa = PBXSourcesBuildPhase;
			buildActionMask = 2147483647;
			files = (
				8332368F29C1EF6000A78C64 /* ProfileCoordinator.swift in Sources */,
				83ED737F29CB81ED001E8F2D /* DetailsView.swift in Sources */,
				8332366829C07F9500A78C64 /* SignInView.swift in Sources */,
				83DC9AD229C33C880019F913 /* UIKitExtension.swift in Sources */,
				83DC9AD029C338E90019F913 /* MockCoordinator.swift in Sources */,
				83DC9ADE29C4D2360019F913 /* Page1View.swift in Sources */,
				83AD282A29CA1C7E0084B8D5 /* Page2View.swift in Sources */,
				83AD282C29CA2E190084B8D5 /* CarouselView.swift in Sources */,
				8332368A29C1EEAF00A78C64 /* Page1Coordinator.swift in Sources */,
				83DC9ACE29C3349E0019F913 /* MockView.swift in Sources */,
				83822E5129C85ED000BF568E /* Model.swift in Sources */,
				8332366A29C07FB500A78C64 /* SignInViewModel.swift in Sources */,
				8332364C29C078A300A78C64 /* AppDelegate.swift in Sources */,
				83ED737B29CB377B001E8F2D /* ModelDetails.swift in Sources */,
				8332368729C1EE2A00A78C64 /* MainTabBarCoordinator.swift in Sources */,
				8332369229C1F79400A78C64 /* CoreDataManager.swift in Sources */,
				83DC9AD429C36E6C0019F913 /* TabBarVC.swift in Sources */,
				8332364E29C078A300A78C64 /* SceneDelegate.swift in Sources */,
				835D277929C889A000BA29B2 /* NetworkManager.swift in Sources */,
				8332369829C1F98000A78C64 /* Person+CoreDataClass.swift in Sources */,
				83DC9AE229C4F4CB0019F913 /* Page1ViewModel.swift in Sources */,
				8332367D29C0A49600A78C64 /* SwiftUIExtension.swift in Sources */,
				8332366229C079B100A78C64 /* ApplicationCoordinator.swift in Sources */,
				8332369929C1F98000A78C64 /* Person+CoreDataProperties.swift in Sources */,
				83DC9AE429C5F2320019F913 /* RegularCell.swift in Sources */,
				8332369B29C2187A00A78C64 /* MockCoreDataManager.swift in Sources */,
				8332366629C07B1600A78C64 /* SignInCoordinator.swift in Sources */,
				83DC9ADA29C380550019F913 /* ProfileViewModel.swift in Sources */,
				83DC9AE029C4F1D60019F913 /* SaleCell.swift in Sources */,
				8332368129C0DCD100A78C64 /* LoginView.swift in Sources */,
				83DC9AD829C380490019F913 /* ProfileView.swift in Sources */,
				83AD282829C9B4EB0084B8D5 /* ImagePicker.swift in Sources */,
				8332369529C1F7C600A78C64 /* Persons.xcdatamodeld in Sources */,
				83ED737D29CB390C001E8F2D /* Page2ViewModel.swift in Sources */,
				83DC9AE629C62FBC0019F913 /* ButtonBarView.swift in Sources */,
			);
			runOnlyForDeploymentPostprocessing = 0;
		};
/* End PBXSourcesBuildPhase section */

/* Begin PBXVariantGroup section */
		8332365629C078A700A78C64 /* LaunchScreen.storyboard */ = {
			isa = PBXVariantGroup;
			children = (
				8332365729C078A700A78C64 /* Base */,
			);
			name = LaunchScreen.storyboard;
			sourceTree = "<group>";
		};
/* End PBXVariantGroup section */

/* Begin XCBuildConfiguration section */
		8332365A29C078A700A78C64 /* Debug */ = {
			isa = XCBuildConfiguration;
			buildSettings = {
				ALWAYS_SEARCH_USER_PATHS = NO;
				CLANG_ANALYZER_NONNULL = YES;
				CLANG_ANALYZER_NUMBER_OBJECT_CONVERSION = YES_AGGRESSIVE;
				CLANG_CXX_LANGUAGE_STANDARD = "gnu++20";
				CLANG_ENABLE_MODULES = YES;
				CLANG_ENABLE_OBJC_ARC = YES;
				CLANG_ENABLE_OBJC_WEAK = YES;
				CLANG_WARN_BLOCK_CAPTURE_AUTORELEASING = YES;
				CLANG_WARN_BOOL_CONVERSION = YES;
				CLANG_WARN_COMMA = YES;
				CLANG_WARN_CONSTANT_CONVERSION = YES;
				CLANG_WARN_DEPRECATED_OBJC_IMPLEMENTATIONS = YES;
				CLANG_WARN_DIRECT_OBJC_ISA_USAGE = YES_ERROR;
				CLANG_WARN_DOCUMENTATION_COMMENTS = YES;
				CLANG_WARN_EMPTY_BODY = YES;
				CLANG_WARN_ENUM_CONVERSION = YES;
				CLANG_WARN_INFINITE_RECURSION = YES;
				CLANG_WARN_INT_CONVERSION = YES;
				CLANG_WARN_NON_LITERAL_NULL_CONVERSION = YES;
				CLANG_WARN_OBJC_IMPLICIT_RETAIN_SELF = YES;
				CLANG_WARN_OBJC_LITERAL_CONVERSION = YES;
				CLANG_WARN_OBJC_ROOT_CLASS = YES_ERROR;
				CLANG_WARN_QUOTED_INCLUDE_IN_FRAMEWORK_HEADER = YES;
				CLANG_WARN_RANGE_LOOP_ANALYSIS = YES;
				CLANG_WARN_STRICT_PROTOTYPES = YES;
				CLANG_WARN_SUSPICIOUS_MOVE = YES;
				CLANG_WARN_UNGUARDED_AVAILABILITY = YES_AGGRESSIVE;
				CLANG_WARN_UNREACHABLE_CODE = YES;
				CLANG_WARN__DUPLICATE_METHOD_MATCH = YES;
				COPY_PHASE_STRIP = NO;
				DEBUG_INFORMATION_FORMAT = dwarf;
				ENABLE_STRICT_OBJC_MSGSEND = YES;
				ENABLE_TESTABILITY = YES;
				GCC_C_LANGUAGE_STANDARD = gnu11;
				GCC_DYNAMIC_NO_PIC = NO;
				GCC_NO_COMMON_BLOCKS = YES;
				GCC_OPTIMIZATION_LEVEL = 0;
				GCC_PREPROCESSOR_DEFINITIONS = (
					"DEBUG=1",
					"$(inherited)",
				);
				GCC_WARN_64_TO_32_BIT_CONVERSION = YES;
				GCC_WARN_ABOUT_RETURN_TYPE = YES_ERROR;
				GCC_WARN_UNDECLARED_SELECTOR = YES;
				GCC_WARN_UNINITIALIZED_AUTOS = YES_AGGRESSIVE;
				GCC_WARN_UNUSED_FUNCTION = YES;
				GCC_WARN_UNUSED_VARIABLE = YES;
				IPHONEOS_DEPLOYMENT_TARGET = 14.0;
				MTL_ENABLE_DEBUG_INFO = INCLUDE_SOURCE;
				MTL_FAST_MATH = YES;
				ONLY_ACTIVE_ARCH = YES;
				SDKROOT = iphoneos;
				SWIFT_ACTIVE_COMPILATION_CONDITIONS = DEBUG;
				SWIFT_OPTIMIZATION_LEVEL = "-Onone";
			};
			name = Debug;
		};
		8332365B29C078A700A78C64 /* Release */ = {
			isa = XCBuildConfiguration;
			buildSettings = {
				ALWAYS_SEARCH_USER_PATHS = NO;
				CLANG_ANALYZER_NONNULL = YES;
				CLANG_ANALYZER_NUMBER_OBJECT_CONVERSION = YES_AGGRESSIVE;
				CLANG_CXX_LANGUAGE_STANDARD = "gnu++20";
				CLANG_ENABLE_MODULES = YES;
				CLANG_ENABLE_OBJC_ARC = YES;
				CLANG_ENABLE_OBJC_WEAK = YES;
				CLANG_WARN_BLOCK_CAPTURE_AUTORELEASING = YES;
				CLANG_WARN_BOOL_CONVERSION = YES;
				CLANG_WARN_COMMA = YES;
				CLANG_WARN_CONSTANT_CONVERSION = YES;
				CLANG_WARN_DEPRECATED_OBJC_IMPLEMENTATIONS = YES;
				CLANG_WARN_DIRECT_OBJC_ISA_USAGE = YES_ERROR;
				CLANG_WARN_DOCUMENTATION_COMMENTS = YES;
				CLANG_WARN_EMPTY_BODY = YES;
				CLANG_WARN_ENUM_CONVERSION = YES;
				CLANG_WARN_INFINITE_RECURSION = YES;
				CLANG_WARN_INT_CONVERSION = YES;
				CLANG_WARN_NON_LITERAL_NULL_CONVERSION = YES;
				CLANG_WARN_OBJC_IMPLICIT_RETAIN_SELF = YES;
				CLANG_WARN_OBJC_LITERAL_CONVERSION = YES;
				CLANG_WARN_OBJC_ROOT_CLASS = YES_ERROR;
				CLANG_WARN_QUOTED_INCLUDE_IN_FRAMEWORK_HEADER = YES;
				CLANG_WARN_RANGE_LOOP_ANALYSIS = YES;
				CLANG_WARN_STRICT_PROTOTYPES = YES;
				CLANG_WARN_SUSPICIOUS_MOVE = YES;
				CLANG_WARN_UNGUARDED_AVAILABILITY = YES_AGGRESSIVE;
				CLANG_WARN_UNREACHABLE_CODE = YES;
				CLANG_WARN__DUPLICATE_METHOD_MATCH = YES;
				COPY_PHASE_STRIP = NO;
				DEBUG_INFORMATION_FORMAT = "dwarf-with-dsym";
				ENABLE_NS_ASSERTIONS = NO;
				ENABLE_STRICT_OBJC_MSGSEND = YES;
				GCC_C_LANGUAGE_STANDARD = gnu11;
				GCC_NO_COMMON_BLOCKS = YES;
				GCC_WARN_64_TO_32_BIT_CONVERSION = YES;
				GCC_WARN_ABOUT_RETURN_TYPE = YES_ERROR;
				GCC_WARN_UNDECLARED_SELECTOR = YES;
				GCC_WARN_UNINITIALIZED_AUTOS = YES_AGGRESSIVE;
				GCC_WARN_UNUSED_FUNCTION = YES;
				GCC_WARN_UNUSED_VARIABLE = YES;
				IPHONEOS_DEPLOYMENT_TARGET = 14.0;
				MTL_ENABLE_DEBUG_INFO = NO;
				MTL_FAST_MATH = YES;
				SDKROOT = iphoneos;
				SWIFT_COMPILATION_MODE = wholemodule;
				SWIFT_OPTIMIZATION_LEVEL = "-O";
				VALIDATE_PRODUCT = YES;
			};
			name = Release;
		};
		8332365D29C078A700A78C64 /* Debug */ = {
			isa = XCBuildConfiguration;
			buildSettings = {
				ASSETCATALOG_COMPILER_APPICON_NAME = AppIcon;
				ASSETCATALOG_COMPILER_GLOBAL_ACCENT_COLOR_NAME = AccentColor;
				CODE_SIGN_STYLE = Automatic;
				CURRENT_PROJECT_VERSION = 1;
				DEVELOPMENT_TEAM = FT2T248KX2;
				GENERATE_INFOPLIST_FILE = YES;
				INFOPLIST_FILE = TestTaskForEM/Application/Info.plist;
				INFOPLIST_KEY_UIApplicationSupportsIndirectInputEvents = YES;
				INFOPLIST_KEY_UILaunchStoryboardName = LaunchScreen;
				INFOPLIST_KEY_UISupportedInterfaceOrientations = UIInterfaceOrientationPortrait;
				IPHONEOS_DEPLOYMENT_TARGET = 14.0;
				LD_RUNPATH_SEARCH_PATHS = (
					"$(inherited)",
					"@executable_path/Frameworks",
				);
				MARKETING_VERSION = 1.0;
				PRODUCT_BUNDLE_IDENTIFIER = "-.TestTaskForEM";
				PRODUCT_NAME = "$(TARGET_NAME)";
				SUPPORTED_PLATFORMS = "iphoneos iphonesimulator";
				SUPPORTS_MACCATALYST = NO;
				SUPPORTS_MAC_DESIGNED_FOR_IPHONE_IPAD = NO;
				SWIFT_EMIT_LOC_STRINGS = YES;
				SWIFT_VERSION = 5.0;
				TARGETED_DEVICE_FAMILY = "1,2";
			};
			name = Debug;
		};
		8332365E29C078A700A78C64 /* Release */ = {
			isa = XCBuildConfiguration;
			buildSettings = {
				ASSETCATALOG_COMPILER_APPICON_NAME = AppIcon;
				ASSETCATALOG_COMPILER_GLOBAL_ACCENT_COLOR_NAME = AccentColor;
				CODE_SIGN_STYLE = Automatic;
				CURRENT_PROJECT_VERSION = 1;
				DEVELOPMENT_TEAM = FT2T248KX2;
				GENERATE_INFOPLIST_FILE = YES;
				INFOPLIST_FILE = TestTaskForEM/Application/Info.plist;
				INFOPLIST_KEY_UIApplicationSupportsIndirectInputEvents = YES;
				INFOPLIST_KEY_UILaunchStoryboardName = LaunchScreen;
				INFOPLIST_KEY_UISupportedInterfaceOrientations = UIInterfaceOrientationPortrait;
				IPHONEOS_DEPLOYMENT_TARGET = 14.0;
				LD_RUNPATH_SEARCH_PATHS = (
					"$(inherited)",
					"@executable_path/Frameworks",
				);
				MARKETING_VERSION = 1.0;
				PRODUCT_BUNDLE_IDENTIFIER = "-.TestTaskForEM";
				PRODUCT_NAME = "$(TARGET_NAME)";
				SUPPORTED_PLATFORMS = "iphoneos iphonesimulator";
				SUPPORTS_MACCATALYST = NO;
				SUPPORTS_MAC_DESIGNED_FOR_IPHONE_IPAD = NO;
				SWIFT_EMIT_LOC_STRINGS = YES;
				SWIFT_VERSION = 5.0;
				TARGETED_DEVICE_FAMILY = "1,2";
			};
			name = Release;
		};
/* End XCBuildConfiguration section */

/* Begin XCConfigurationList section */
		8332364329C078A300A78C64 /* Build configuration list for PBXProject "TestTaskForEM" */ = {
			isa = XCConfigurationList;
			buildConfigurations = (
				8332365A29C078A700A78C64 /* Debug */,
				8332365B29C078A700A78C64 /* Release */,
			);
			defaultConfigurationIsVisible = 0;
			defaultConfigurationName = Release;
		};
		8332365C29C078A700A78C64 /* Build configuration list for PBXNativeTarget "TestTaskForEM" */ = {
			isa = XCConfigurationList;
			buildConfigurations = (
				8332365D29C078A700A78C64 /* Debug */,
				8332365E29C078A700A78C64 /* Release */,
			);
			defaultConfigurationIsVisible = 0;
			defaultConfigurationName = Release;
		};
/* End XCConfigurationList section */

/* Begin XCVersionGroup section */
		8332369329C1F7C600A78C64 /* Persons.xcdatamodeld */ = {
			isa = XCVersionGroup;
			children = (
				8332369429C1F7C600A78C64 /* Person.xcdatamodel */,
			);
			currentVersion = 8332369429C1F7C600A78C64 /* Person.xcdatamodel */;
			path = Persons.xcdatamodeld;
			sourceTree = "<group>";
			versionGroupType = wrapper.xcdatamodel;
		};
/* End XCVersionGroup section */
	};
	rootObject = 8332364029C078A300A78C64 /* Project object */;
}
